
Microsoft Visual Studio Solution File, Format Version 12.00
# Visual Studio Version 16
VisualStudioVersion = 16.0.32413.511
MinimumVisualStudioVersion = 10.0.40219.1
Project("{FAE04EC0-301F-11D3-BF4B-00C04F79EFBC}") = "MethodInsert", "MethodInsert\MethodInsert.csproj", "{396CD857-6E30-4EB5-839A-58D2D16F8FEF}"
EndProject
Global
	GlobalSection(SolutionConfigurationPlatforms) = preSolution
		Debug|Any CPU = Debug|Any CPU
		Release|Any CPU = Release|Any CPU
	EndGlobalSection
	GlobalSection(ProjectConfigurationPlatforms) = postSolution
		{396CD857-6E30-4EB5-839A-58D2D16F8FEF}.Debug|Any CPU.ActiveCfg = Debug|Any CPU
		{396CD857-6E30-4EB5-839A-58D2D16F8FEF}.Debug|Any CPU.Build.0 = Debug|Any CPU
		{396CD857-6E30-4EB5-839A-58D2D16F8FEF}.Release|Any CPU.ActiveCfg = Release|Any CPU
		{396CD857-6E30-4EB5-839A-58D2D16F8FEF}.Release|Any CPU.Build.0 = Release|Any CPU
	EndGlobalSection
	GlobalSection(SolutionProperties) = preSolution
		HideSolutionNode = FALSE
	EndGlobalSection
	GlobalSection(ExtensibilityGlobals) = postSolution
		SolutionGuid = {83620705-D2B3-4668-B026-8AFD5F2C717D}
	EndGlobalSection
EndGlobal
